<?xml version="1.0" encoding="utf-8"?>
<Project ToolsVersion="4.0" xmlns="http://schemas.microsoft.com/developer/msbuild/2003">
  <ItemGroup>
    <Filter Include="Charcoal">
      <UniqueIdentifier>{622C2281-4EF9-7C8C-7712-6B34633EB21A}</UniqueIdentifier>
    </Filter>
    <Filter Include="Charcoal\EntryPoint">
      <UniqueIdentifier>{0D6AD9EE-79CB-B6FC-0239-FDAE6E99EDBB}</UniqueIdentifier>
    </Filter>
    <Filter Include="Charcoal\Events">
      <UniqueIdentifier>{06D62134-7261-8FF8-7B72-12EDE77CEBF8}</UniqueIdentifier>
    </Filter>
  </ItemGroup>
  <ItemGroup>
    <ClInclude Include="src\Charcoal.h" />
    <ClInclude Include="src\Charcoal\Application.h">
      <Filter>Charcoal</Filter>
    </ClInclude>
    <ClInclude Include="src\Charcoal\Core.h">
      <Filter>Charcoal</Filter>
    </ClInclude>
    <ClInclude Include="src\Charcoal\EntryPoint.h">
      <Filter>Charcoal</Filter>
    </ClInclude>
    <ClInclude Include="src\Charcoal\EntryPoint\EntryPoint.h">
      <Filter>Charcoal\EntryPoint</Filter>
    </ClInclude>
    <ClInclude Include="src\Charcoal\Events\Event.h">
      <Filter>Charcoal\Events</Filter>
    </ClInclude>
    <ClInclude Include="src\Charcoal\Events\KeyEvent.h">
      <Filter>Charcoal\Events</Filter>
    </ClInclude>
    <ClInclude Include="src\Charcoal\Events\MouseEvent.h">
      <Filter>Charcoal\Events</Filter>
    </ClInclude>
    <ClInclude Include="src\Charcoal\Log.h">
      <Filter>Charcoal</Filter>
    </ClInclude>
    <ClInclude Include="src\chpch.h" />
  </ItemGroup>
  <ItemGroup>
    <ClCompile Include="src\Charcoal\Application.cpp">
      <Filter>Charcoal</Filter>
    </ClCompile>
    <ClCompile Include="src\Charcoal\Log.cpp">
      <Filter>Charcoal</Filter>
    </ClCompile>
    <ClCompile Include="src\chpch.cpp" />
  </ItemGroup>
</Project>